# THIS IS AN AUTOGENERATED FILE. DO NOT EDIT THIS FILE DIRECTLY.
# yarn lockfile v1


react-native-safe-area-context@^5.0.0:
  version "5.0.0"
  resolved "https://registry.yarnpkg.com/react-native-safe-area-context/-/react-native-safe-area-context-5.0.0.tgz#0f28f3b406d4466c6afdaaa615198d12741e88b5"
  integrity sha512-4K4TvEbRsTDYuSSJZfMNKuJNn1+qgrSkOBwRoreiHcuqy1egrHpkhPhoN1Zg1+b3BxcVXlKXtMIf4eVaG/DPJw==
